# This file is automatically @generated by Cargo.
# It is not intended for manual editing.
version = 4

[[package]]
name = "hyber-api"
version = "0.1.0"
dependencies = [
 "hyber-core",
]

[[package]]
name = "hyber-core"
version = "0.1.0"

[[package]]
name = "hyber-device"
version = "0.1.0"
dependencies = [
 "hyber-core",
 "hyber-namespace",
 "hyber-object",
 "hyber-vfs",
]

[[package]]
name = "hyber-handle"
version = "0.1.0"
dependencies = [
 "hyber-core",
 "hyber-namespace",
 "hyber-object",
]

[[package]]
name = "hyber-hostfs"
version = "0.1.0"
dependencies = [
 "hyber-core",
 "hyber-namespace",
 "hyber-object",
 "hyber-vfs",
]

[[package]]
name = "hyber-memfs"
version = "0.1.0"
dependencies = [
 "hyber-core",
 "hyber-namespace",
 "hyber-object",
 "hyber-vfs",
]

[[package]]
name = "hyber-namespace"
version = "0.1.0"
dependencies = [
 "hyber-core",
 "hyber-object",
]

[[package]]
name = "hyber-object"
version = "0.1.0"
dependencies = [
 "hyber-core",
]

[[package]]
name = "hyber-process"
version = "0.1.0"
dependencies = [
 "hyber-core",
 "hyber-handle",
 "hyber-namespace",
 "hyber-object",
 "hyber-vfs",
]

[[package]]
name = "hyber-service"
version = "0.1.0"
dependencies = [
 "hyber-core",
 "hyber-namespace",
 "hyber-object",
 "hyber-vfs",
]

[[package]]
name = "hyber-shell"
version = "0.1.0"
dependencies = [
 "hyber-core",
 "hyber-device",
 "hyber-handle",
 "hyber-hostfs",
 "hyber-memfs",
 "hyber-namespace",
 "hyber-object",
 "hyber-process",
 "hyber-service",
 "hyber-vfs",
]

[[package]]
name = "hyber-vfs"
version = "0.1.0"
dependencies = [
 "hyber-core",
 "hyber-handle",
 "hyber-namespace",
 "hyber-object",
]
